# generated by rye
# use `rye lock` or `rye sync` to update this lockfile
#
# last locked with the following flags:
#   pre: false
#   features: []
#   all-features: false

-e file:.
-e file:lib_reader
asteval==0.9.31
contourpy==1.1.0
crc16==0.1.1
cycler==0.11.0
dill==0.3.7
fonttools==4.42.0
future==0.18.3
importlib-resources==6.0.1
kiwisolver==1.4.4
lmfit==1.2.2
matplotlib==3.7.2
nptyping==2.5.0
numpy==1.24.4
packaging==23.1
pillow==10.0.0
pyparsing==3.0.9
python-dateutil==2.8.2
scipy==1.10.1
six==1.16.0
typing-extensions==4.7.1
uncertainties==3.1.7
zipp==3.16.2
