# generated by rye
# use `rye lock` or `rye sync` to update this lockfile
#
# last locked with the following flags:
#   pre: false
#   features: []
#   all-features: false
#   with-sources: false
#   generate-hashes: false
#   universal: false

-e file:.
-e file:lib_plot
    # via grid-calibration
-e file:lib_reader
    # via grid-calibration
addict==2.4.0
    # via grid-calibration
asteval==0.9.31
    # via lmfit
cachier==3.0.0
    # via grid-calibration
contourpy==1.1.0
    # via matplotlib
crc16==0.1.1
    # via grid-calibration
crcmod==1.7
    # via grid-calibration
cycler==0.11.0
    # via matplotlib
dill==0.3.7
    # via grid-calibration
fire==0.5.0
    # via grid-calibration
fonttools==4.42.0
    # via matplotlib
future==0.18.3
    # via uncertainties
h5py==3.10.0
    # via grid-calibration
importlib-resources==6.4.0
    # via matplotlib
kiwisolver==1.4.4
    # via matplotlib
llvmlite==0.41.1
    # via numba
lmfit==1.2.2
    # via grid-calibration
matplotlib==3.7.2
    # via grid-calibration
nptyping==2.5.0
    # via grid-calibration
numba==0.58.1
    # via grid-calibration
numpy==1.24.4
    # via contourpy
    # via grid-calibration
    # via h5py
    # via lmfit
    # via matplotlib
    # via nptyping
    # via numba
    # via pandas
    # via scipy
packaging==23.1
    # via matplotlib
pandas==2.0.3
    # via grid-calibration
pillow==10.0.0
    # via matplotlib
portalocker==2.10.0
    # via cachier
pyparsing==3.0.9
    # via matplotlib
python-dateutil==2.8.2
    # via matplotlib
    # via pandas
pytz==2023.3.post1
    # via pandas
scipy==1.10.1
    # via grid-calibration
    # via lmfit
setuptools==70.3.0
    # via cachier
six==1.16.0
    # via fire
    # via python-dateutil
termcolor==2.3.0
    # via fire
typing-extensions==4.12.2
    # via nptyping
tzdata==2023.4
    # via pandas
uncertainties==3.1.7
    # via lmfit
watchdog==4.0.1
    # via cachier
zipp==3.19.2
    # via importlib-resources
